// !$*UTF8*$!
{
	archiveVersion = 1;
	classes = {
	};
	objectVersion = 55;
	objects = {

/* Begin PBXBuildFile section */
		31D17FC8288F8A3500318DD3 /* ArticleListViewController.swift in Sources */ = {isa = PBXBuildFile; fileRef = 31D17FC7288F8A3500318DD3 /* ArticleListViewController.swift */; };
		31D17FCA288F901000318DD3 /* ArticleListCells.swift in Sources */ = {isa = PBXBuildFile; fileRef = 31D17FC9288F901000318DD3 /* ArticleListCells.swift */; };
		7A49CA0F288ECBB700411D49 /* AppDelegate.swift in Sources */ = {isa = PBXBuildFile; fileRef = 7A49CA0E288ECBB700411D49 /* AppDelegate.swift */; };
		7A49CA11288ECBB700411D49 /* SceneDelegate.swift in Sources */ = {isa = PBXBuildFile; fileRef = 7A49CA10288ECBB700411D49 /* SceneDelegate.swift */; };
		7A49CA13288ECBB700411D49 /* ViewController.swift in Sources */ = {isa = PBXBuildFile; fileRef = 7A49CA12288ECBB700411D49 /* ViewController.swift */; };
		7A49CA19288ECBB700411D49 /* Daily.xcdatamodeld in Sources */ = {isa = PBXBuildFile; fileRef = 7A49CA17288ECBB700411D49 /* Daily.xcdatamodeld */; };
		7A49CA1B288ECBBB00411D49 /* Assets.xcassets in Resources */ = {isa = PBXBuildFile; fileRef = 7A49CA1A288ECBBB00411D49 /* Assets.xcassets */; };
		7A49CA1E288ECBBB00411D49 /* LaunchScreen.storyboard in Resources */ = {isa = PBXBuildFile; fileRef = 7A49CA1C288ECBBB00411D49 /* LaunchScreen.storyboard */; };
		7A49CA27288ED89C00411D49 /* SwiftyJSON in Frameworks */ = {isa = PBXBuildFile; productRef = 7A49CA26288ED89C00411D49 /* SwiftyJSON */; };
		7A49CA2A288EDDDD00411D49 /* Alamofire in Frameworks */ = {isa = PBXBuildFile; productRef = 7A49CA29288EDDDD00411D49 /* Alamofire */; };
		7A49CA2C288EF64400411D49 /* ArticleService.swift in Sources */ = {isa = PBXBuildFile; fileRef = 7A49CA2B288EF64400411D49 /* ArticleService.swift */; };
/* End PBXBuildFile section */

/* Begin PBXFileReference section */
		31D17FC7288F8A3500318DD3 /* ArticleListViewController.swift */ = {isa = PBXFileReference; lastKnownFileType = sourcecode.swift; path = ArticleListViewController.swift; sourceTree = "<group>"; };
		31D17FC9288F901000318DD3 /* ArticleListCells.swift */ = {isa = PBXFileReference; lastKnownFileType = sourcecode.swift; path = ArticleListCells.swift; sourceTree = "<group>"; };
		7A49CA0B288ECBB700411D49 /* Daily.app */ = {isa = PBXFileReference; explicitFileType = wrapper.application; includeInIndex = 0; path = Daily.app; sourceTree = BUILT_PRODUCTS_DIR; };
		7A49CA0E288ECBB700411D49 /* AppDelegate.swift */ = {isa = PBXFileReference; lastKnownFileType = sourcecode.swift; path = AppDelegate.swift; sourceTree = "<group>"; };
		7A49CA10288ECBB700411D49 /* SceneDelegate.swift */ = {isa = PBXFileReference; lastKnownFileType = sourcecode.swift; path = SceneDelegate.swift; sourceTree = "<group>"; };
		7A49CA12288ECBB700411D49 /* ViewController.swift */ = {isa = PBXFileReference; lastKnownFileType = sourcecode.swift; path = ViewController.swift; sourceTree = "<group>"; };
		7A49CA18288ECBB700411D49 /* Daily.xcdatamodel */ = {isa = PBXFileReference; lastKnownFileType = wrapper.xcdatamodel; path = Daily.xcdatamodel; sourceTree = "<group>"; };
		7A49CA1A288ECBBB00411D49 /* Assets.xcassets */ = {isa = PBXFileReference; lastKnownFileType = folder.assetcatalog; path = Assets.xcassets; sourceTree = "<group>"; };
		7A49CA1D288ECBBB00411D49 /* Base */ = {isa = PBXFileReference; lastKnownFileType = file.storyboard; name = Base; path = Base.lproj/LaunchScreen.storyboard; sourceTree = "<group>"; };
		7A49CA1F288ECBBB00411D49 /* Info.plist */ = {isa = PBXFileReference; lastKnownFileType = text.plist.xml; path = Info.plist; sourceTree = "<group>"; };
		7A49CA2B288EF64400411D49 /* ArticleService.swift */ = {isa = PBXFileReference; lastKnownFileType = sourcecode.swift; path = ArticleService.swift; sourceTree = "<group>"; };
/* End PBXFileReference section */

/* Begin PBXFrameworksBuildPhase section */
		7A49CA08288ECBB700411D49 /* Frameworks */ = {
			isa = PBXFrameworksBuildPhase;
			buildActionMask = 2147483647;
			files = (
				7A49CA27288ED89C00411D49 /* SwiftyJSON in Frameworks */,
				7A49CA2A288EDDDD00411D49 /* Alamofire in Frameworks */,
			);
			runOnlyForDeploymentPostprocessing = 0;
		};
/* End PBXFrameworksBuildPhase section */

/* Begin PBXGroup section */
		7A49CA02288ECBB700411D49 = {
			isa = PBXGroup;
			children = (
				7A49CA0D288ECBB700411D49 /* Daily */,
				7A49CA0C288ECBB700411D49 /* Products */,
			);
			sourceTree = "<group>";
		};
		7A49CA0C288ECBB700411D49 /* Products */ = {
			isa = PBXGroup;
			children = (
				7A49CA0B288ECBB700411D49 /* Daily.app */,
			);
			name = Products;
			sourceTree = "<group>";
		};
		7A49CA0D288ECBB700411D49 /* Daily */ = {
			isa = PBXGroup;
			children = (
				7A49CA0E288ECBB700411D49 /* AppDelegate.swift */,
				7A49CA10288ECBB700411D49 /* SceneDelegate.swift */,
				7A49CA12288ECBB700411D49 /* ViewController.swift */,
				31D17FC7288F8A3500318DD3 /* ArticleListViewController.swift */,
				31D17FC9288F901000318DD3 /* ArticleListCells.swift */,
				7A49CA1A288ECBBB00411D49 /* Assets.xcassets */,
				7A49CA1C288ECBBB00411D49 /* LaunchScreen.storyboard */,
				7A49CA1F288ECBBB00411D49 /* Info.plist */,
				7A49CA17288ECBB700411D49 /* Daily.xcdatamodeld */,
				7A49CA2B288EF64400411D49 /* ArticleService.swift */,
			);
			path = Daily;
			sourceTree = "<group>";
		};
/* End PBXGroup section */

/* Begin PBXNativeTarget section */
		7A49CA0A288ECBB700411D49 /* Daily */ = {
			isa = PBXNativeTarget;
			buildConfigurationList = 7A49CA22288ECBBB00411D49 /* Build configuration list for PBXNativeTarget "Daily" */;
			buildPhases = (
				7A49CA07288ECBB700411D49 /* Sources */,
				7A49CA08288ECBB700411D49 /* Frameworks */,
				7A49CA09288ECBB700411D49 /* Resources */,
			);
			buildRules = (
			);
			dependencies = (
			);
			name = Daily;
			packageProductDependencies = (
				7A49CA26288ED89C00411D49 /* SwiftyJSON */,
				7A49CA29288EDDDD00411D49 /* Alamofire */,
			);
			productName = Daily;
			productReference = 7A49CA0B288ECBB700411D49 /* Daily.app */;
			productType = "com.apple.product-type.application";
		};
/* End PBXNativeTarget section */

/* Begin PBXProject section */
		7A49CA03288ECBB700411D49 /* Project object */ = {
			isa = PBXProject;
			attributes = {
				BuildIndependentTargetsInParallel = 1;
				LastSwiftUpdateCheck = 1400;
				LastUpgradeCheck = 1400;
				TargetAttributes = {
					7A49CA0A288ECBB700411D49 = {
						CreatedOnToolsVersion = 14.0;
					};
				};
			};
			buildConfigurationList = 7A49CA06288ECBB700411D49 /* Build configuration list for PBXProject "Daily" */;
			compatibilityVersion = "Xcode 13.0";
			developmentRegion = en;
			hasScannedForEncodings = 0;
			knownRegions = (
				en,
				Base,
			);
			mainGroup = 7A49CA02288ECBB700411D49;
			packageReferences = (
				7A49CA25288ED89C00411D49 /* XCRemoteSwiftPackageReference "SwiftyJSON" */,
				7A49CA28288EDDDD00411D49 /* XCRemoteSwiftPackageReference "Alamofire" */,
			);
			productRefGroup = 7A49CA0C288ECBB700411D49 /* Products */;
			projectDirPath = "";
			projectRoot = "";
			targets = (
				7A49CA0A288ECBB700411D49 /* Daily */,
			);
		};
/* End PBXProject section */

/* Begin PBXResourcesBuildPhase section */
		7A49CA09288ECBB700411D49 /* Resources */ = {
			isa = PBXResourcesBuildPhase;
			buildActionMask = 2147483647;
			files = (
				7A49CA1E288ECBBB00411D49 /* LaunchScreen.storyboard in Resources */,
				7A49CA1B288ECBBB00411D49 /* Assets.xcassets in Resources */,
			);
			runOnlyForDeploymentPostprocessing = 0;
		};
/* End PBXResourcesBuildPhase section */

/* Begin PBXSourcesBuildPhase section */
		7A49CA07288ECBB700411D49 /* Sources */ = {
			isa = PBXSourcesBuildPhase;
			buildActionMask = 2147483647;
			files = (
				7A49CA2C288EF64400411D49 /* ArticleService.swift in Sources */,
				31D17FCA288F901000318DD3 /* ArticleListCells.swift in Sources */,
				7A49CA13288ECBB700411D49 /* ViewController.swift in Sources */,
				7A49CA19288ECBB700411D49 /* Daily.xcdatamodeld in Sources */,
				31D17FC8288F8A3500318DD3 /* ArticleListViewController.swift in Sources */,
				7A49CA0F288ECBB700411D49 /* AppDelegate.swift in Sources */,
				7A49CA11288ECBB700411D49 /* SceneDelegate.swift in Sources */,
			);
			runOnlyForDeploymentPostprocessing = 0;
		};
/* End PBXSourcesBuildPhase section */

/* Begin PBXVariantGroup section */
		7A49CA1C288ECBBB00411D49 /* LaunchScreen.storyboard */ = {
			isa = PBXVariantGroup;
			children = (
				7A49CA1D288ECBBB00411D49 /* Base */,
			);
			name = LaunchScreen.storyboard;
			sourceTree = "<group>";
		};
/* End PBXVariantGroup section */

/* Begin XCBuildConfiguration section */
		7A49CA20288ECBBB00411D49 /* Debug */ = {
			isa = XCBuildConfiguration;
			buildSettings = {
				ALWAYS_SEARCH_USER_PATHS = NO;
				CLANG_ANALYZER_NONNULL = YES;
				CLANG_ANALYZER_NUMBER_OBJECT_CONVERSION = YES_AGGRESSIVE;
				CLANG_CXX_LANGUAGE_STANDARD = "gnu++20";
				CLANG_ENABLE_MODULES = YES;
				CLANG_ENABLE_OBJC_ARC = YES;
				CLANG_ENABLE_OBJC_WEAK = YES;
				CLANG_WARN_BLOCK_CAPTURE_AUTORELEASING = YES;
				CLANG_WARN_BOOL_CONVERSION = YES;
				CLANG_WARN_COMMA = YES;
				CLANG_WARN_CONSTANT_CONVERSION = YES;
				CLANG_WARN_DEPRECATED_OBJC_IMPLEMENTATIONS = YES;
				CLANG_WARN_DIRECT_OBJC_ISA_USAGE = YES_ERROR;
				CLANG_WARN_DOCUMENTATION_COMMENTS = YES;
				CLANG_WARN_EMPTY_BODY = YES;
				CLANG_WARN_ENUM_CONVERSION = YES;
				CLANG_WARN_INFINITE_RECURSION = YES;
				CLANG_WARN_INT_CONVERSION = YES;
				CLANG_WARN_NON_LITERAL_NULL_CONVERSION = YES;
				CLANG_WARN_OBJC_IMPLICIT_RETAIN_SELF = YES;
				CLANG_WARN_OBJC_LITERAL_CONVERSION = YES;
				CLANG_WARN_OBJC_ROOT_CLASS = YES_ERROR;
				CLANG_WARN_QUOTED_INCLUDE_IN_FRAMEWORK_HEADER = YES;
				CLANG_WARN_RANGE_LOOP_ANALYSIS = YES;
				CLANG_WARN_STRICT_PROTOTYPES = YES;
				CLANG_WARN_SUSPICIOUS_MOVE = YES;
				CLANG_WARN_UNGUARDED_AVAILABILITY = YES_AGGRESSIVE;
				CLANG_WARN_UNREACHABLE_CODE = YES;
				CLANG_WARN__DUPLICATE_METHOD_MATCH = YES;
				COPY_PHASE_STRIP = NO;
				DEBUG_INFORMATION_FORMAT = dwarf;
				ENABLE_STRICT_OBJC_MSGSEND = YES;
				ENABLE_TESTABILITY = YES;
				GCC_C_LANGUAGE_STANDARD = gnu11;
				GCC_DYNAMIC_NO_PIC = NO;
				GCC_NO_COMMON_BLOCKS = YES;
				GCC_OPTIMIZATION_LEVEL = 0;
				GCC_PREPROCESSOR_DEFINITIONS = (
					"DEBUG=1",
					"$(inherited)",
				);
				GCC_WARN_64_TO_32_BIT_CONVERSION = YES;
				GCC_WARN_ABOUT_RETURN_TYPE = YES_ERROR;
				GCC_WARN_UNDECLARED_SELECTOR = YES;
				GCC_WARN_UNINITIALIZED_AUTOS = YES_AGGRESSIVE;
				GCC_WARN_UNUSED_FUNCTION = YES;
				GCC_WARN_UNUSED_VARIABLE = YES;
				IPHONEOS_DEPLOYMENT_TARGET = 13.0;
				MTL_ENABLE_DEBUG_INFO = INCLUDE_SOURCE;
				MTL_FAST_MATH = YES;
				ONLY_ACTIVE_ARCH = YES;
				SDKROOT = iphoneos;
				SWIFT_ACTIVE_COMPILATION_CONDITIONS = DEBUG;
				SWIFT_OPTIMIZATION_LEVEL = "-Onone";
			};
			name = Debug;
		};
		7A49CA21288ECBBB00411D49 /* Release */ = {
			isa = XCBuildConfiguration;
			buildSettings = {
				ALWAYS_SEARCH_USER_PATHS = NO;
				CLANG_ANALYZER_NONNULL = YES;
				CLANG_ANALYZER_NUMBER_OBJECT_CONVERSION = YES_AGGRESSIVE;
				CLANG_CXX_LANGUAGE_STANDARD = "gnu++20";
				CLANG_ENABLE_MODULES = YES;
				CLANG_ENABLE_OBJC_ARC = YES;
				CLANG_ENABLE_OBJC_WEAK = YES;
				CLANG_WARN_BLOCK_CAPTURE_AUTORELEASING = YES;
				CLANG_WARN_BOOL_CONVERSION = YES;
				CLANG_WARN_COMMA = YES;
				CLANG_WARN_CONSTANT_CONVERSION = YES;
				CLANG_WARN_DEPRECATED_OBJC_IMPLEMENTATIONS = YES;
				CLANG_WARN_DIRECT_OBJC_ISA_USAGE = YES_ERROR;
				CLANG_WARN_DOCUMENTATION_COMMENTS = YES;
				CLANG_WARN_EMPTY_BODY = YES;
				CLANG_WARN_ENUM_CONVERSION = YES;
				CLANG_WARN_INFINITE_RECURSION = YES;
				CLANG_WARN_INT_CONVERSION = YES;
				CLANG_WARN_NON_LITERAL_NULL_CONVERSION = YES;
				CLANG_WARN_OBJC_IMPLICIT_RETAIN_SELF = YES;
				CLANG_WARN_OBJC_LITERAL_CONVERSION = YES;
				CLANG_WARN_OBJC_ROOT_CLASS = YES_ERROR;
				CLANG_WARN_QUOTED_INCLUDE_IN_FRAMEWORK_HEADER = YES;
				CLANG_WARN_RANGE_LOOP_ANALYSIS = YES;
				CLANG_WARN_STRICT_PROTOTYPES = YES;
				CLANG_WARN_SUSPICIOUS_MOVE = YES;
				CLANG_WARN_UNGUARDED_AVAILABILITY = YES_AGGRESSIVE;
				CLANG_WARN_UNREACHABLE_CODE = YES;
				CLANG_WARN__DUPLICATE_METHOD_MATCH = YES;
				COPY_PHASE_STRIP = NO;
				DEBUG_INFORMATION_FORMAT = "dwarf-with-dsym";
				ENABLE_NS_ASSERTIONS = NO;
				ENABLE_STRICT_OBJC_MSGSEND = YES;
				GCC_C_LANGUAGE_STANDARD = gnu11;
				GCC_NO_COMMON_BLOCKS = YES;
				GCC_WARN_64_TO_32_BIT_CONVERSION = YES;
				GCC_WARN_ABOUT_RETURN_TYPE = YES_ERROR;
				GCC_WARN_UNDECLARED_SELECTOR = YES;
				GCC_WARN_UNINITIALIZED_AUTOS = YES_AGGRESSIVE;
				GCC_WARN_UNUSED_FUNCTION = YES;
				GCC_WARN_UNUSED_VARIABLE = YES;
				IPHONEOS_DEPLOYMENT_TARGET = 13.0;
				MTL_ENABLE_DEBUG_INFO = NO;
				MTL_FAST_MATH = YES;
				SDKROOT = iphoneos;
				SWIFT_COMPILATION_MODE = wholemodule;
				SWIFT_OPTIMIZATION_LEVEL = "-O";
				VALIDATE_PRODUCT = YES;
			};
			name = Release;
		};
		7A49CA23288ECBBB00411D49 /* Debug */ = {
			isa = XCBuildConfiguration;
			buildSettings = {
				ASSETCATALOG_COMPILER_APPICON_NAME = AppIcon;
				ASSETCATALOG_COMPILER_GLOBAL_ACCENT_COLOR_NAME = AccentColor;
				CODE_SIGN_STYLE = Automatic;
				CURRENT_PROJECT_VERSION = 1;
				GENERATE_INFOPLIST_FILE = YES;
				INFOPLIST_FILE = Daily/Info.plist;
				INFOPLIST_KEY_UIApplicationSupportsIndirectInputEvents = YES;
				INFOPLIST_KEY_UILaunchStoryboardName = LaunchScreen;
				INFOPLIST_KEY_UISupportedInterfaceOrientations_iPad = "UIInterfaceOrientationPortrait UIInterfaceOrientationPortraitUpsideDown UIInterfaceOrientationLandscapeLeft UIInterfaceOrientationLandscapeRight";
				INFOPLIST_KEY_UISupportedInterfaceOrientations_iPhone = "UIInterfaceOrientationPortrait UIInterfaceOrientationLandscapeLeft UIInterfaceOrientationLandscapeRight";
				IPHONEOS_DEPLOYMENT_TARGET = 13.0;
				LD_RUNPATH_SEARCH_PATHS = (
					"$(inherited)",
					"@executable_path/Frameworks",
				);
				MARKETING_VERSION = 1.0;
				PRODUCT_BUNDLE_IDENTIFIER = com.uniquestudio.Daily;
				PRODUCT_NAME = "$(TARGET_NAME)";
				SWIFT_EMIT_LOC_STRINGS = YES;
				SWIFT_VERSION = 5.0;
				TARGETED_DEVICE_FAMILY = "1,2";
			};
			name = Debug;
		};
		7A49CA24288ECBBB00411D49 /* Release */ = {
			isa = XCBuildConfiguration;
			buildSettings = {
				ASSETCATALOG_COMPILER_APPICON_NAME = AppIcon;
				ASSETCATALOG_COMPILER_GLOBAL_ACCENT_COLOR_NAME = AccentColor;
				CODE_SIGN_STYLE = Automatic;
				CURRENT_PROJECT_VERSION = 1;
				GENERATE_INFOPLIST_FILE = YES;
				INFOPLIST_FILE = Daily/Info.plist;
				INFOPLIST_KEY_UIApplicationSupportsIndirectInputEvents = YES;
				INFOPLIST_KEY_UILaunchStoryboardName = LaunchScreen;
				INFOPLIST_KEY_UISupportedInterfaceOrientations_iPad = "UIInterfaceOrientationPortrait UIInterfaceOrientationPortraitUpsideDown UIInterfaceOrientationLandscapeLeft UIInterfaceOrientationLandscapeRight";
				INFOPLIST_KEY_UISupportedInterfaceOrientations_iPhone = "UIInterfaceOrientationPortrait UIInterfaceOrientationLandscapeLeft UIInterfaceOrientationLandscapeRight";
				IPHONEOS_DEPLOYMENT_TARGET = 13.0;
				LD_RUNPATH_SEARCH_PATHS = (
					"$(inherited)",
					"@executable_path/Frameworks",
				);
				MARKETING_VERSION = 1.0;
				PRODUCT_BUNDLE_IDENTIFIER = com.uniquestudio.Daily;
				PRODUCT_NAME = "$(TARGET_NAME)";
				SWIFT_EMIT_LOC_STRINGS = YES;
				SWIFT_VERSION = 5.0;
				TARGETED_DEVICE_FAMILY = "1,2";
			};
			name = Release;
		};
/* End XCBuildConfiguration section */

/* Begin XCConfigurationList section */
		7A49CA06288ECBB700411D49 /* Build configuration list for PBXProject "Daily" */ = {
			isa = XCConfigurationList;
			buildConfigurations = (
				7A49CA20288ECBBB00411D49 /* Debug */,
				7A49CA21288ECBBB00411D49 /* Release */,
			);
			defaultConfigurationIsVisible = 0;
			defaultConfigurationName = Release;
		};
		7A49CA22288ECBBB00411D49 /* Build configuration list for PBXNativeTarget "Daily" */ = {
			isa = XCConfigurationList;
			buildConfigurations = (
				7A49CA23288ECBBB00411D49 /* Debug */,
				7A49CA24288ECBBB00411D49 /* Release */,
			);
			defaultConfigurationIsVisible = 0;
			defaultConfigurationName = Release;
		};
/* End XCConfigurationList section */

/* Begin XCRemoteSwiftPackageReference section */
		7A49CA25288ED89C00411D49 /* XCRemoteSwiftPackageReference "SwiftyJSON" */ = {
			isa = XCRemoteSwiftPackageReference;
			repositoryURL = "git@github.com:SwiftyJSON/SwiftyJSON.git";
			requirement = {
				kind = upToNextMajorVersion;
				minimumVersion = 5.0.0;
			};
		};
		7A49CA28288EDDDD00411D49 /* XCRemoteSwiftPackageReference "Alamofire" */ = {
			isa = XCRemoteSwiftPackageReference;
			repositoryURL = "git@github.com:Alamofire/Alamofire.git";
			requirement = {
				kind = upToNextMajorVersion;
				minimumVersion = 5.0.0;
			};
		};
/* End XCRemoteSwiftPackageReference section */

/* Begin XCSwiftPackageProductDependency section */
		7A49CA26288ED89C00411D49 /* SwiftyJSON */ = {
			isa = XCSwiftPackageProductDependency;
			package = 7A49CA25288ED89C00411D49 /* XCRemoteSwiftPackageReference "SwiftyJSON" */;
			productName = SwiftyJSON;
		};
		7A49CA29288EDDDD00411D49 /* Alamofire */ = {
			isa = XCSwiftPackageProductDependency;
			package = 7A49CA28288EDDDD00411D49 /* XCRemoteSwiftPackageReference "Alamofire" */;
			productName = Alamofire;
		};
/* End XCSwiftPackageProductDependency section */

/* Begin XCVersionGroup section */
		7A49CA17288ECBB700411D49 /* Daily.xcdatamodeld */ = {
			isa = XCVersionGroup;
			children = (
				7A49CA18288ECBB700411D49 /* Daily.xcdatamodel */,
			);
			currentVersion = 7A49CA18288ECBB700411D49 /* Daily.xcdatamodel */;
			path = Daily.xcdatamodeld;
			sourceTree = "<group>";
			versionGroupType = wrapper.xcdatamodel;
		};
/* End XCVersionGroup section */
	};
	rootObject = 7A49CA03288ECBB700411D49 /* Project object */;
}
